github.com/Actav/GO_lv2 v0.0.1 h1:9sTdrGrs+i0FLKD0guPmyz2s4Nt5rv5rEx/qzch6YTM=
github.com/Actav/GO_lv2 v0.0.1/go.mod h1:oyLbS+HfG3RwcLytuZCQq1kFJCX0IPs50DVcZGlcuaA=
github.com/Actav/GO_lv2 v1.0.0 h1:B2s8WdGOVj2/LFwnXdChf6zzdrKdu5VduDK8qR+O4VA=
github.com/Actav/GO_lv2 v1.0.0/go.mod h1:oyLbS+HfG3RwcLytuZCQq1kFJCX0IPs50DVcZGlcuaA=
